schema: '2.0'
stages:
  training:
    cmd: python src/ModelTesting/training.py
    deps:
    - path: src/components/data_ingestion.py
      hash: md5
      md5: fd1dd4a1d15ac790ecbd6e6173a90f0b
      size: 1614
    - path: src/components/data_transformation.py
      hash: md5
      md5: 99d8f7c1f0f049671e4cdd865577e494
      size: 5226
    - path: src/components/model_trainer.py
      hash: md5
      md5: e06d1b72f23da07d789b6d556a3a568d
      size: 2435
    outs:
    - path: artifacts/marketing_campaign.csv
      hash: md5
      md5: 27d27887e1d901d92a8d2a1f93b7cd18
      size: 224620
    - path: artifacts/marketing_cleaned.csv
      hash: md5
      md5: b439e6a5cdb1383df26985ce289bca8b
      size: 188652
    - path: artifacts/marketing_clustered.csv
      hash: md5
      md5: d5c881d98e9a502166126c6e3b26cd8e
      size: 282278
    - path: artifacts/marketing_encoded.csv
      hash: md5
      md5: cf998845d555d962356d20374fc48b12
      size: 306165
