schema: '2.0'
stages:
  training:
    cmd: python src/ModelTesting/training.py
    deps:
    - path: src/components/data_ingestion.py
      hash: md5
      md5: 08ba09ab76ee91932a6429586b66b5f4
      size: 1345
    - path: src/components/data_transformation.py
      hash: md5
      md5: 8421c24f4c89990576e775455f6ee216
      size: 4538
    - path: src/components/model_trainer.py
      hash: md5
      md5: 1f84af6a911acce352cc4b307c1d4a47
      size: 1883
    outs:
    - path: artifacts/marketing_campaign.csv
      hash: md5
      md5: 27d27887e1d901d92a8d2a1f93b7cd18
      size: 224620
    - path: artifacts/marketing_cleaned.csv
      hash: md5
      md5: b439e6a5cdb1383df26985ce289bca8b
      size: 188652
    - path: artifacts/marketing_clustered.csv
      hash: md5
      md5: cf7007444e0e99310af648928306d13a
      size: 292314
    - path: artifacts/marketing_encoded.csv
      hash: md5
      md5: cf998845d555d962356d20374fc48b12
      size: 306165
