schema: '2.0'
stages:
  training:
    cmd: python src/ModelTesting/training.py
    deps:
    - path: src/components/data_ingestion.py
      hash: md5
      md5: b5070a1132765c858d33f07456009155
      size: 1446
    - path: src/components/data_transformation.py
      hash: md5
      md5: b57ae0c919827996b5a02457eec0df2a
      size: 2470
    - path: src/components/model_trainer.py
      hash: md5
      md5: e06d1b72f23da07d789b6d556a3a568d
      size: 2435
    outs:
    - path: artifacts/marketing_campaign.csv
      hash: md5
      md5: 27d27887e1d901d92a8d2a1f93b7cd18
      size: 224620
    - path: artifacts/marketing_cleaned.csv
      hash: md5
      md5: b439e6a5cdb1383df26985ce289bca8b
      size: 188652
    - path: artifacts/marketing_clustered.csv
      hash: md5
      md5: f9b69a2e96e05c1df14963916b5e70fa
      size: 193118
    - path: artifacts/marketing_encoded.csv
      hash: md5
      md5: 63a96dcf4c285f7ea6fcbe84375dff90
      size: 304682
